
Microsoft Visual Studio Solution File, Format Version 12.00
# Visual Studio Version 17
VisualStudioVersion = 17.0.31903.59
MinimumVisualStudioVersion = 10.0.40219.1
Project("{FAE04EC0-301F-11D3-BF4B-00C04F79EFBC}") = "EduRankCR.Api", "EduRankCR.Api\EduRankCR.Api.csproj", "{45BADF64-AD6D-4427-82D8-0A7118F30214}"
EndProject
Project("{FAE04EC0-301F-11D3-BF4B-00C04F79EFBC}") = "EduRankCR.Application", "EduRankCR.Application\EduRankCR.Application.csproj", "{68CBC065-A072-4924-8B06-DDFDF26A793C}"
EndProject
Project("{FAE04EC0-301F-11D3-BF4B-00C04F79EFBC}") = "EduRankCR.Contracts", "EduRankCR.Contracts\EduRankCR.Contracts.csproj", "{16C98E88-FCBE-4575-A692-30E83AE3F9CA}"
EndProject
Project("{FAE04EC0-301F-11D3-BF4B-00C04F79EFBC}") = "EduRankCR.Domain", "EduRankCR.Domain\EduRankCR.Domain.csproj", "{662E398F-712F-4963-BD81-4F2C9E31650B}"
EndProject
Project("{FAE04EC0-301F-11D3-BF4B-00C04F79EFBC}") = "EduRankCR.Infrastructure", "EduRankCR.Infrastructure\EduRankCR.Infrastructure.csproj", "{F54D59E9-F852-4B93-A068-0B5DD91FC61D}"
EndProject
Global
	GlobalSection(SolutionConfigurationPlatforms) = preSolution
		Debug|Any CPU = Debug|Any CPU
		Release|Any CPU = Release|Any CPU
	EndGlobalSection
	GlobalSection(SolutionProperties) = preSolution
		HideSolutionNode = FALSE
	EndGlobalSection
	GlobalSection(ProjectConfigurationPlatforms) = postSolution
		{45BADF64-AD6D-4427-82D8-0A7118F30214}.Debug|Any CPU.ActiveCfg = Debug|Any CPU
		{45BADF64-AD6D-4427-82D8-0A7118F30214}.Debug|Any CPU.Build.0 = Debug|Any CPU
		{45BADF64-AD6D-4427-82D8-0A7118F30214}.Release|Any CPU.ActiveCfg = Release|Any CPU
		{45BADF64-AD6D-4427-82D8-0A7118F30214}.Release|Any CPU.Build.0 = Release|Any CPU
		{68CBC065-A072-4924-8B06-DDFDF26A793C}.Debug|Any CPU.ActiveCfg = Debug|Any CPU
		{68CBC065-A072-4924-8B06-DDFDF26A793C}.Debug|Any CPU.Build.0 = Debug|Any CPU
		{68CBC065-A072-4924-8B06-DDFDF26A793C}.Release|Any CPU.ActiveCfg = Release|Any CPU
		{68CBC065-A072-4924-8B06-DDFDF26A793C}.Release|Any CPU.Build.0 = Release|Any CPU
		{16C98E88-FCBE-4575-A692-30E83AE3F9CA}.Debug|Any CPU.ActiveCfg = Debug|Any CPU
		{16C98E88-FCBE-4575-A692-30E83AE3F9CA}.Debug|Any CPU.Build.0 = Debug|Any CPU
		{16C98E88-FCBE-4575-A692-30E83AE3F9CA}.Release|Any CPU.ActiveCfg = Release|Any CPU
		{16C98E88-FCBE-4575-A692-30E83AE3F9CA}.Release|Any CPU.Build.0 = Release|Any CPU
		{662E398F-712F-4963-BD81-4F2C9E31650B}.Debug|Any CPU.ActiveCfg = Debug|Any CPU
		{662E398F-712F-4963-BD81-4F2C9E31650B}.Debug|Any CPU.Build.0 = Debug|Any CPU
		{662E398F-712F-4963-BD81-4F2C9E31650B}.Release|Any CPU.ActiveCfg = Release|Any CPU
		{662E398F-712F-4963-BD81-4F2C9E31650B}.Release|Any CPU.Build.0 = Release|Any CPU
		{F54D59E9-F852-4B93-A068-0B5DD91FC61D}.Debug|Any CPU.ActiveCfg = Debug|Any CPU
		{F54D59E9-F852-4B93-A068-0B5DD91FC61D}.Debug|Any CPU.Build.0 = Debug|Any CPU
		{F54D59E9-F852-4B93-A068-0B5DD91FC61D}.Release|Any CPU.ActiveCfg = Release|Any CPU
		{F54D59E9-F852-4B93-A068-0B5DD91FC61D}.Release|Any CPU.Build.0 = Release|Any CPU
	EndGlobalSection
EndGlobal
